PODS:
  - Alamofire (5.4.4)
  - BCVaccineValidator (1.0.9):
    - Alamofire
    - JOSESwift
  - JOSESwift (2.4.0)

DEPENDENCIES:
  - BCVaccineValidator (from `https://github.com/AfsarFresh/iOSVaccineValidator.git`, tag `YVV_V_1_2_B_1`)

SPEC REPOS:
  https://github.com/CocoaPods/Specs.git:
    - Alamofire
    - JOSESwift

EXTERNAL SOURCES:
  BCVaccineValidator:
    :git: https://github.com/AfsarFresh/iOSVaccineValidator.git
    :tag: YVV_V_1_2_B_1

CHECKOUT OPTIONS:
  BCVaccineValidator:
    :git: https://github.com/AfsarFresh/iOSVaccineValidator.git
    :tag: YVV_V_1_2_B_1

SPEC CHECKSUMS:
  Alamofire: f3b09a368f1582ab751b3fff5460276e0d2cf5c9
  BCVaccineValidator: 9f5ecb5accb833cbeab1220df42f7d5235be2eee
  JOSESwift: 7ff178bb9173ff42c6e990929a9f2fa702a34f69

PODFILE CHECKSUM: c6958a901d606a421bf40af646c490aea96666be

COCOAPODS: 1.11.2
