PODS:
  - Alamofire (5.5.0)
  - BCVaccineValidator (1.0.12):
    - Alamofire
    - JOSESwift
  - JOSESwift (2.4.0)

DEPENDENCIES:
  - BCVaccineValidator (from `https://github.com/AfsarFresh/iOSVaccineValidator.git`, tag `YVV_V_1_4_B_1`)

SPEC REPOS:
  https://github.com/CocoaPods/Specs.git:
    - Alamofire
    - JOSESwift

EXTERNAL SOURCES:
  BCVaccineValidator:
    :git: https://github.com/AfsarFresh/iOSVaccineValidator.git
    :tag: YVV_V_1_4_B_1

CHECKOUT OPTIONS:
  BCVaccineValidator:
    :git: https://github.com/AfsarFresh/iOSVaccineValidator.git
    :tag: YVV_V_1_4_B_1

SPEC CHECKSUMS:
  Alamofire: 1c4fb5369c3fe93d2857c780d8bbe09f06f97e7c
  BCVaccineValidator: 7a41c49aa40531f74d9fb5104a5b7b104527d6d4
  JOSESwift: 7ff178bb9173ff42c6e990929a9f2fa702a34f69

PODFILE CHECKSUM: 7fbfb9c504b797675acf1adf3f436773a0607a8c

COCOAPODS: 1.11.2
