// !$*UTF8*$!
{
	archiveVersion = 1;
	classes = {
	};
	objectVersion = 51;
	objects = {

/* Begin PBXBuildFile section */
		5BB53D27274ECD54009D42CC /* UIControl+AddAction.swift in Sources */ = {isa = PBXBuildFile; fileRef = 5BB53D26274ECD54009D42CC /* UIControl+AddAction.swift */; };
		5BD65E3A27446FD100B4D63D /* BusinessGuidanceViewBuilder.swift in Sources */ = {isa = PBXBuildFile; fileRef = 5BD65E3927446FD000B4D63D /* BusinessGuidanceViewBuilder.swift */; };
		F53FE2E27742B20820396011 /* Pods_YukonVaccinationVerifier.framework in Frameworks */ = {isa = PBXBuildFile; fileRef = 56645120213C75D85B0B095D /* Pods_YukonVaccinationVerifier.framework */; };
		F94F438E274D3A4000296A49 /* InfoPlist.strings in Resources */ = {isa = PBXBuildFile; fileRef = F94F4390274D3A4000296A49 /* InfoPlist.strings */; };
		F95B6F4F274684E7007D62D9 /* Logger.swift in Sources */ = {isa = PBXBuildFile; fileRef = F95B6F4E274684E7007D62D9 /* Logger.swift */; };
		F95B6F522746854B007D62D9 /* String+Constants.swift in Sources */ = {isa = PBXBuildFile; fileRef = F95B6F502746854B007D62D9 /* String+Constants.swift */; };
		F95B6F532746854B007D62D9 /* ReactiveVarBox.swift in Sources */ = {isa = PBXBuildFile; fileRef = F95B6F512746854B007D62D9 /* ReactiveVarBox.swift */; };
		F95B6F552746887A007D62D9 /* DateFormatter+Ext.swift in Sources */ = {isa = PBXBuildFile; fileRef = F95B6F542746887A007D62D9 /* DateFormatter+Ext.swift */; };
		F95B6F5A27469895007D62D9 /* BaseViewController.swift in Sources */ = {isa = PBXBuildFile; fileRef = F95B6F5927469895007D62D9 /* BaseViewController.swift */; };
		F95B6F5C27469B67007D62D9 /* Notification+Names.swift in Sources */ = {isa = PBXBuildFile; fileRef = F95B6F5B27469B67007D62D9 /* Notification+Names.swift */; };
		F95B6F5E27469C34007D62D9 /* LanguageService.swift in Sources */ = {isa = PBXBuildFile; fileRef = F95B6F5D27469C34007D62D9 /* LanguageService.swift */; };
		F95B6F6627469F31007D62D9 /* UserDefault.swift in Sources */ = {isa = PBXBuildFile; fileRef = F95B6F6527469F31007D62D9 /* UserDefault.swift */; };
		F968AF7B2745489F00BD2759 /* Montserrat-Medium.ttf in Resources */ = {isa = PBXBuildFile; fileRef = F968AF7A2745489F00BD2759 /* Montserrat-Medium.ttf */; };
		F968AF7D27454FBF00BD2759 /* UIView+IBInspectable.swift in Sources */ = {isa = PBXBuildFile; fileRef = F968AF7C27454FBF00BD2759 /* UIView+IBInspectable.swift */; };
		F96A241E27303BA4003331F9 /* AppDelegate.swift in Sources */ = {isa = PBXBuildFile; fileRef = F96A241D27303BA4003331F9 /* AppDelegate.swift */; };
		F96A242527303BA4003331F9 /* Main.storyboard in Resources */ = {isa = PBXBuildFile; fileRef = F96A242327303BA4003331F9 /* Main.storyboard */; };
		F96A242727303BA7003331F9 /* Assets.xcassets in Resources */ = {isa = PBXBuildFile; fileRef = F96A242627303BA7003331F9 /* Assets.xcassets */; };
		F96A242A27303BA7003331F9 /* LaunchScreen.storyboard in Resources */ = {isa = PBXBuildFile; fileRef = F96A242827303BA7003331F9 /* LaunchScreen.storyboard */; };
		F96A2437273044F2003331F9 /* Montserrat-Italic.ttf in Resources */ = {isa = PBXBuildFile; fileRef = F96A2433273044F2003331F9 /* Montserrat-Italic.ttf */; };
		F96A2438273044F2003331F9 /* Montserrat-Regular.ttf in Resources */ = {isa = PBXBuildFile; fileRef = F96A2434273044F2003331F9 /* Montserrat-Regular.ttf */; };
		F96A2439273044F2003331F9 /* Montserrat-Bold.ttf in Resources */ = {isa = PBXBuildFile; fileRef = F96A2435273044F2003331F9 /* Montserrat-Bold.ttf */; };
		F96A243A273044F2003331F9 /* Montserrat-BoldItalic.ttf in Resources */ = {isa = PBXBuildFile; fileRef = F96A2436273044F2003331F9 /* Montserrat-BoldItalic.ttf */; };
		F989842327455666007DEFAB /* LanguageSelectionVC.swift in Sources */ = {isa = PBXBuildFile; fileRef = F989842227455665007DEFAB /* LanguageSelectionVC.swift */; };
		F9898425274556C4007DEFAB /* LanguageSelectionViewModel.swift in Sources */ = {isa = PBXBuildFile; fileRef = F9898424274556C4007DEFAB /* LanguageSelectionViewModel.swift */; };
		F9ACC7AC273158E0004B9380 /* OnBoardingView.swift in Sources */ = {isa = PBXBuildFile; fileRef = F9ACC7AA273158E0004B9380 /* OnBoardingView.swift */; };
		F9ACC7AD273158E0004B9380 /* OnBoardingView.xib in Resources */ = {isa = PBXBuildFile; fileRef = F9ACC7AB273158E0004B9380 /* OnBoardingView.xib */; };
		F9ACC7B127315927004B9380 /* Constants.swift in Sources */ = {isa = PBXBuildFile; fileRef = F9ACC7AF27315927004B9380 /* Constants.swift */; };
		F9ACC7B227315927004B9380 /* AccessibilityConstants.swift in Sources */ = {isa = PBXBuildFile; fileRef = F9ACC7B027315927004B9380 /* AccessibilityConstants.swift */; };
		F9ACC7B927315962004B9380 /* Date.swift in Sources */ = {isa = PBXBuildFile; fileRef = F9ACC7B427315962004B9380 /* Date.swift */; };
		F9ACC7BA27315962004B9380 /* UIView.swift in Sources */ = {isa = PBXBuildFile; fileRef = F9ACC7B527315962004B9380 /* UIView.swift */; };
		F9ACC7BB27315962004B9380 /* UIColor.swift in Sources */ = {isa = PBXBuildFile; fileRef = F9ACC7B627315962004B9380 /* UIColor.swift */; };
		F9ACC7BC27315962004B9380 /* String.swift in Sources */ = {isa = PBXBuildFile; fileRef = F9ACC7B727315962004B9380 /* String.swift */; };
		F9ACC7BD27315962004B9380 /* UIViewController.swift in Sources */ = {isa = PBXBuildFile; fileRef = F9ACC7B827315962004B9380 /* UIViewController.swift */; };
		F9ACC7C027315B76004B9380 /* ViewController.swift in Sources */ = {isa = PBXBuildFile; fileRef = F9ACC7BE27315B76004B9380 /* ViewController.swift */; };
		F9ACC7C127315B76004B9380 /* ScanResultViewController.swift in Sources */ = {isa = PBXBuildFile; fileRef = F9ACC7BF27315B76004B9380 /* ScanResultViewController.swift */; };
		F9ACC7C627317190004B9380 /* UpdateManager.swift in Sources */ = {isa = PBXBuildFile; fileRef = F9ACC7C527317190004B9380 /* UpdateManager.swift */; };
		F9ACC7CA273179DC004B9380 /* Localizable.strings in Resources */ = {isa = PBXBuildFile; fileRef = F9ACC7CC273179DC004B9380 /* Localizable.strings */; };
		F9ACC7CE27317B84004B9380 /* String+Ext.swift in Sources */ = {isa = PBXBuildFile; fileRef = F9ACC7CD27317B84004B9380 /* String+Ext.swift */; };
		F9ACC7D027317C8C004B9380 /* UIFont+Ext.swift in Sources */ = {isa = PBXBuildFile; fileRef = F9ACC7CF27317C8C004B9380 /* UIFont+Ext.swift */; };
		F9BBC99E274C4C8C005F511A /* NunitoSans-Regular.ttf in Resources */ = {isa = PBXBuildFile; fileRef = F9BBC99D274C4C8C005F511A /* NunitoSans-Regular.ttf */; };
		F9C15A7B2747C07F004FE462 /* LandingViewController.swift in Sources */ = {isa = PBXBuildFile; fileRef = F9C15A7A2747C07F004FE462 /* LandingViewController.swift */; };
		F9C15A7D2747C0C7004FE462 /* LandingViewModel.swift in Sources */ = {isa = PBXBuildFile; fileRef = F9C15A7C2747C0C7004FE462 /* LandingViewModel.swift */; };
		F9FB64602731920600E4C44D /* Colors.xcassets in Resources */ = {isa = PBXBuildFile; fileRef = F9FB645F2731920600E4C44D /* Colors.xcassets */; };
/* End PBXBuildFile section */

/* Begin PBXFileReference section */
		2DC54DBE9D06C1EBE6C149F6 /* Pods-YukonVaccinationVerifier.prod.xcconfig */ = {isa = PBXFileReference; includeInIndex = 1; lastKnownFileType = text.xcconfig; name = "Pods-YukonVaccinationVerifier.prod.xcconfig"; path = "Target Support Files/Pods-YukonVaccinationVerifier/Pods-YukonVaccinationVerifier.prod.xcconfig"; sourceTree = "<group>"; };
		416FCAD040DEF48134C60529 /* Pods-YukonVaccinationVerifier.dev.xcconfig */ = {isa = PBXFileReference; includeInIndex = 1; lastKnownFileType = text.xcconfig; name = "Pods-YukonVaccinationVerifier.dev.xcconfig"; path = "Target Support Files/Pods-YukonVaccinationVerifier/Pods-YukonVaccinationVerifier.dev.xcconfig"; sourceTree = "<group>"; };
		4455092513451B04F21EE6BB /* Pods-YukonVaccinationVerifier.tst.xcconfig */ = {isa = PBXFileReference; includeInIndex = 1; lastKnownFileType = text.xcconfig; name = "Pods-YukonVaccinationVerifier.tst.xcconfig"; path = "Target Support Files/Pods-YukonVaccinationVerifier/Pods-YukonVaccinationVerifier.tst.xcconfig"; sourceTree = "<group>"; };
		56645120213C75D85B0B095D /* Pods_YukonVaccinationVerifier.framework */ = {isa = PBXFileReference; explicitFileType = wrapper.framework; includeInIndex = 0; path = Pods_YukonVaccinationVerifier.framework; sourceTree = BUILT_PRODUCTS_DIR; };
		5BB53D26274ECD54009D42CC /* UIControl+AddAction.swift */ = {isa = PBXFileReference; fileEncoding = 4; lastKnownFileType = sourcecode.swift; name = "UIControl+AddAction.swift"; path = "YukonVaccinationVerifier/Extensions & utilities/UIControl+AddAction.swift"; sourceTree = SOURCE_ROOT; };
		5BD65E3927446FD000B4D63D /* BusinessGuidanceViewBuilder.swift */ = {isa = PBXFileReference; fileEncoding = 4; lastKnownFileType = sourcecode.swift; path = BusinessGuidanceViewBuilder.swift; sourceTree = "<group>"; };
		A41B41D4E5B739FB3724FE7C /* Pods-YukonVaccinationVerifier.stg.xcconfig */ = {isa = PBXFileReference; includeInIndex = 1; lastKnownFileType = text.xcconfig; name = "Pods-YukonVaccinationVerifier.stg.xcconfig"; path = "Target Support Files/Pods-YukonVaccinationVerifier/Pods-YukonVaccinationVerifier.stg.xcconfig"; sourceTree = "<group>"; };
		C5545F5B48A373CD6453DA17 /* Pods-YukonVaccinationVerifier.adhoc.xcconfig */ = {isa = PBXFileReference; includeInIndex = 1; lastKnownFileType = text.xcconfig; name = "Pods-YukonVaccinationVerifier.adhoc.xcconfig"; path = "Target Support Files/Pods-YukonVaccinationVerifier/Pods-YukonVaccinationVerifier.adhoc.xcconfig"; sourceTree = "<group>"; };
		F91773F42749D065009F6FAB /* fr-CA */ = {isa = PBXFileReference; lastKnownFileType = text.plist.strings; name = "fr-CA"; path = "fr-CA.lproj/Localizable.strings"; sourceTree = "<group>"; };
		F94F438F274D3A4000296A49 /* en */ = {isa = PBXFileReference; lastKnownFileType = text.plist.strings; name = en; path = en.lproj/InfoPlist.strings; sourceTree = "<group>"; };
		F94F4391274D3A4500296A49 /* fr-CA */ = {isa = PBXFileReference; lastKnownFileType = text.plist.strings; name = "fr-CA"; path = "fr-CA.lproj/InfoPlist.strings"; sourceTree = "<group>"; };
		F95B6F4E274684E7007D62D9 /* Logger.swift */ = {isa = PBXFileReference; fileEncoding = 4; lastKnownFileType = sourcecode.swift; path = Logger.swift; sourceTree = "<group>"; };
		F95B6F502746854B007D62D9 /* String+Constants.swift */ = {isa = PBXFileReference; fileEncoding = 4; lastKnownFileType = sourcecode.swift; path = "String+Constants.swift"; sourceTree = "<group>"; };
		F95B6F512746854B007D62D9 /* ReactiveVarBox.swift */ = {isa = PBXFileReference; fileEncoding = 4; lastKnownFileType = sourcecode.swift; path = ReactiveVarBox.swift; sourceTree = "<group>"; };
		F95B6F542746887A007D62D9 /* DateFormatter+Ext.swift */ = {isa = PBXFileReference; fileEncoding = 4; lastKnownFileType = sourcecode.swift; path = "DateFormatter+Ext.swift"; sourceTree = "<group>"; };
		F95B6F5927469895007D62D9 /* BaseViewController.swift */ = {isa = PBXFileReference; lastKnownFileType = sourcecode.swift; path = BaseViewController.swift; sourceTree = "<group>"; };
		F95B6F5B27469B67007D62D9 /* Notification+Names.swift */ = {isa = PBXFileReference; lastKnownFileType = sourcecode.swift; path = "Notification+Names.swift"; sourceTree = "<group>"; };
		F95B6F5D27469C34007D62D9 /* LanguageService.swift */ = {isa = PBXFileReference; lastKnownFileType = sourcecode.swift; path = LanguageService.swift; sourceTree = "<group>"; };
		F95B6F6527469F31007D62D9 /* UserDefault.swift */ = {isa = PBXFileReference; fileEncoding = 4; lastKnownFileType = sourcecode.swift; path = UserDefault.swift; sourceTree = "<group>"; };
		F968AF7A2745489F00BD2759 /* Montserrat-Medium.ttf */ = {isa = PBXFileReference; lastKnownFileType = file; path = "Montserrat-Medium.ttf"; sourceTree = "<group>"; };
		F968AF7C27454FBF00BD2759 /* UIView+IBInspectable.swift */ = {isa = PBXFileReference; fileEncoding = 4; lastKnownFileType = sourcecode.swift; path = "UIView+IBInspectable.swift"; sourceTree = "<group>"; };
		F96A241A27303BA4003331F9 /* YukonVaccinationVerifier.app */ = {isa = PBXFileReference; explicitFileType = wrapper.application; includeInIndex = 0; path = YukonVaccinationVerifier.app; sourceTree = BUILT_PRODUCTS_DIR; };
		F96A241D27303BA4003331F9 /* AppDelegate.swift */ = {isa = PBXFileReference; lastKnownFileType = sourcecode.swift; path = AppDelegate.swift; sourceTree = "<group>"; };
		F96A242427303BA4003331F9 /* Base */ = {isa = PBXFileReference; lastKnownFileType = file.storyboard; name = Base; path = Base.lproj/Main.storyboard; sourceTree = "<group>"; };
		F96A242627303BA7003331F9 /* Assets.xcassets */ = {isa = PBXFileReference; lastKnownFileType = folder.assetcatalog; path = Assets.xcassets; sourceTree = "<group>"; };
		F96A242927303BA7003331F9 /* Base */ = {isa = PBXFileReference; lastKnownFileType = file.storyboard; name = Base; path = Base.lproj/LaunchScreen.storyboard; sourceTree = "<group>"; };
		F96A242B27303BA7003331F9 /* Info.plist */ = {isa = PBXFileReference; lastKnownFileType = text.plist.xml; path = Info.plist; sourceTree = "<group>"; };
		F96A2433273044F2003331F9 /* Montserrat-Italic.ttf */ = {isa = PBXFileReference; lastKnownFileType = file; path = "Montserrat-Italic.ttf"; sourceTree = "<group>"; };
		F96A2434273044F2003331F9 /* Montserrat-Regular.ttf */ = {isa = PBXFileReference; lastKnownFileType = file; path = "Montserrat-Regular.ttf"; sourceTree = "<group>"; };
		F96A2435273044F2003331F9 /* Montserrat-Bold.ttf */ = {isa = PBXFileReference; lastKnownFileType = file; path = "Montserrat-Bold.ttf"; sourceTree = "<group>"; };
		F96A2436273044F2003331F9 /* Montserrat-BoldItalic.ttf */ = {isa = PBXFileReference; lastKnownFileType = file; path = "Montserrat-BoldItalic.ttf"; sourceTree = "<group>"; };
		F96CA1B427987EC100CD04CC /* README.md */ = {isa = PBXFileReference; lastKnownFileType = net.daringfireball.markdown; name = README.md; path = ../README.md; sourceTree = "<group>"; };
		F989842227455665007DEFAB /* LanguageSelectionVC.swift */ = {isa = PBXFileReference; lastKnownFileType = sourcecode.swift; path = LanguageSelectionVC.swift; sourceTree = "<group>"; };
		F9898424274556C4007DEFAB /* LanguageSelectionViewModel.swift */ = {isa = PBXFileReference; lastKnownFileType = sourcecode.swift; path = LanguageSelectionViewModel.swift; sourceTree = "<group>"; };
		F9ACC7AA273158E0004B9380 /* OnBoardingView.swift */ = {isa = PBXFileReference; fileEncoding = 4; lastKnownFileType = sourcecode.swift; path = OnBoardingView.swift; sourceTree = "<group>"; };
		F9ACC7AB273158E0004B9380 /* OnBoardingView.xib */ = {isa = PBXFileReference; fileEncoding = 4; lastKnownFileType = file.xib; path = OnBoardingView.xib; sourceTree = "<group>"; };
		F9ACC7AF27315927004B9380 /* Constants.swift */ = {isa = PBXFileReference; fileEncoding = 4; lastKnownFileType = sourcecode.swift; path = Constants.swift; sourceTree = "<group>"; };
		F9ACC7B027315927004B9380 /* AccessibilityConstants.swift */ = {isa = PBXFileReference; fileEncoding = 4; lastKnownFileType = sourcecode.swift; path = AccessibilityConstants.swift; sourceTree = "<group>"; };
		F9ACC7B427315962004B9380 /* Date.swift */ = {isa = PBXFileReference; fileEncoding = 4; lastKnownFileType = sourcecode.swift; path = Date.swift; sourceTree = "<group>"; };
		F9ACC7B527315962004B9380 /* UIView.swift */ = {isa = PBXFileReference; fileEncoding = 4; lastKnownFileType = sourcecode.swift; path = UIView.swift; sourceTree = "<group>"; };
		F9ACC7B627315962004B9380 /* UIColor.swift */ = {isa = PBXFileReference; fileEncoding = 4; lastKnownFileType = sourcecode.swift; path = UIColor.swift; sourceTree = "<group>"; };
		F9ACC7B727315962004B9380 /* String.swift */ = {isa = PBXFileReference; fileEncoding = 4; lastKnownFileType = sourcecode.swift; path = String.swift; sourceTree = "<group>"; };
		F9ACC7B827315962004B9380 /* UIViewController.swift */ = {isa = PBXFileReference; fileEncoding = 4; lastKnownFileType = sourcecode.swift; path = UIViewController.swift; sourceTree = "<group>"; };
		F9ACC7BE27315B76004B9380 /* ViewController.swift */ = {isa = PBXFileReference; fileEncoding = 4; lastKnownFileType = sourcecode.swift; path = ViewController.swift; sourceTree = "<group>"; };
		F9ACC7BF27315B76004B9380 /* ScanResultViewController.swift */ = {isa = PBXFileReference; fileEncoding = 4; lastKnownFileType = sourcecode.swift; path = ScanResultViewController.swift; sourceTree = "<group>"; };
		F9ACC7C527317190004B9380 /* UpdateManager.swift */ = {isa = PBXFileReference; fileEncoding = 4; lastKnownFileType = sourcecode.swift; path = UpdateManager.swift; sourceTree = "<group>"; };
		F9ACC7CB273179DC004B9380 /* en */ = {isa = PBXFileReference; lastKnownFileType = text.plist.strings; name = en; path = en.lproj/Localizable.strings; sourceTree = "<group>"; };
		F9ACC7CD27317B84004B9380 /* String+Ext.swift */ = {isa = PBXFileReference; lastKnownFileType = sourcecode.swift; path = "String+Ext.swift"; sourceTree = "<group>"; };
		F9ACC7CF27317C8C004B9380 /* UIFont+Ext.swift */ = {isa = PBXFileReference; lastKnownFileType = sourcecode.swift; path = "UIFont+Ext.swift"; sourceTree = "<group>"; };
		F9BBC99D274C4C8C005F511A /* NunitoSans-Regular.ttf */ = {isa = PBXFileReference; lastKnownFileType = file; path = "NunitoSans-Regular.ttf"; sourceTree = "<group>"; };
		F9C15A7A2747C07F004FE462 /* LandingViewController.swift */ = {isa = PBXFileReference; lastKnownFileType = sourcecode.swift; path = LandingViewController.swift; sourceTree = "<group>"; };
		F9C15A7C2747C0C7004FE462 /* LandingViewModel.swift */ = {isa = PBXFileReference; lastKnownFileType = sourcecode.swift; path = LandingViewModel.swift; sourceTree = "<group>"; };
		F9FB645F2731920600E4C44D /* Colors.xcassets */ = {isa = PBXFileReference; lastKnownFileType = folder.assetcatalog; path = Colors.xcassets; sourceTree = "<group>"; };
/* End PBXFileReference section */

/* Begin PBXFrameworksBuildPhase section */
		F96A241727303BA4003331F9 /* Frameworks */ = {
			isa = PBXFrameworksBuildPhase;
			buildActionMask = 2147483647;
			files = (
				F53FE2E27742B20820396011 /* Pods_YukonVaccinationVerifier.framework in Frameworks */,
			);
			runOnlyForDeploymentPostprocessing = 0;
		};
/* End PBXFrameworksBuildPhase section */

/* Begin PBXGroup section */
		D89F097884C13647125BCC0E /* Pods */ = {
			isa = PBXGroup;
			children = (
				416FCAD040DEF48134C60529 /* Pods-YukonVaccinationVerifier.dev.xcconfig */,
				2DC54DBE9D06C1EBE6C149F6 /* Pods-YukonVaccinationVerifier.prod.xcconfig */,
				C5545F5B48A373CD6453DA17 /* Pods-YukonVaccinationVerifier.adhoc.xcconfig */,
				A41B41D4E5B739FB3724FE7C /* Pods-YukonVaccinationVerifier.stg.xcconfig */,
				4455092513451B04F21EE6BB /* Pods-YukonVaccinationVerifier.tst.xcconfig */,
			);
			path = Pods;
			sourceTree = "<group>";
		};
		DC40ACA8457EFB2E8B79025A /* Frameworks */ = {
			isa = PBXGroup;
			children = (
				56645120213C75D85B0B095D /* Pods_YukonVaccinationVerifier.framework */,
			);
			name = Frameworks;
			sourceTree = "<group>";
		};
		F95B6F56274697FE007D62D9 /* Shared */ = {
			isa = PBXGroup;
			children = (
				F95B6F582746987B007D62D9 /* ViewControllers */,
				F95B6F5727469823007D62D9 /* Utilities */,
				F9ACC7B327315962004B9380 /* Extensions */,
			);
			path = Shared;
			sourceTree = "<group>";
		};
		F95B6F5727469823007D62D9 /* Utilities */ = {
			isa = PBXGroup;
			children = (
				F95B6F5D27469C34007D62D9 /* LanguageService.swift */,
				F95B6F4E274684E7007D62D9 /* Logger.swift */,
				F95B6F512746854B007D62D9 /* ReactiveVarBox.swift */,
				F95B6F6527469F31007D62D9 /* UserDefault.swift */,
			);
			path = Utilities;
			sourceTree = "<group>";
		};
		F95B6F582746987B007D62D9 /* ViewControllers */ = {
			isa = PBXGroup;
			children = (
				F95B6F5927469895007D62D9 /* BaseViewController.swift */,
			);
			path = ViewControllers;
			sourceTree = "<group>";
		};
		F96A241127303BA4003331F9 = {
			isa = PBXGroup;
			children = (
				F96CA1B427987EC100CD04CC /* README.md */,
				F96A241C27303BA4003331F9 /* YukonVaccinationVerifier */,
				F96A241B27303BA4003331F9 /* Products */,
				D89F097884C13647125BCC0E /* Pods */,
				DC40ACA8457EFB2E8B79025A /* Frameworks */,
			);
			sourceTree = "<group>";
		};
		F96A241B27303BA4003331F9 /* Products */ = {
			isa = PBXGroup;
			children = (
				F96A241A27303BA4003331F9 /* YukonVaccinationVerifier.app */,
			);
			name = Products;
			sourceTree = "<group>";
		};
		F96A241C27303BA4003331F9 /* YukonVaccinationVerifier */ = {
			isa = PBXGroup;
			children = (
				F96A241D27303BA4003331F9 /* AppDelegate.swift */,
				F96A242327303BA4003331F9 /* Main.storyboard */,
				F96A242627303BA7003331F9 /* Assets.xcassets */,
				F9FB645F2731920600E4C44D /* Colors.xcassets */,
				F9ACC7AE27315927004B9380 /* Constants */,
				F96A24312730440C003331F9 /* Fonts */,
				F96A242827303BA7003331F9 /* LaunchScreen.storyboard */,
				F96A242B27303BA7003331F9 /* Info.plist */,
				F9C15A792747C05A004FE462 /* Landing */,
				F98984212745561A007DEFAB /* LanguageSelection */,
				F9ACC7C7273179AA004B9380 /* Localization */,
				F9ACC7A9273158E0004B9380 /* OnBoarding */,
				F9ACC7BF27315B76004B9380 /* ScanResultViewController.swift */,
				F95B6F56274697FE007D62D9 /* Shared */,
				F9ACC7C527317190004B9380 /* UpdateManager.swift */,
				F9ACC7BE27315B76004B9380 /* ViewController.swift */,
				5BD65E3927446FD000B4D63D /* BusinessGuidanceViewBuilder.swift */,
			);
			path = YukonVaccinationVerifier;
			sourceTree = "<group>";
		};
		F96A24312730440C003331F9 /* Fonts */ = {
			isa = PBXGroup;
			children = (
				F9BBC99C274C4C8C005F511A /* NunitoSans */,
				F96A243227304419003331F9 /* Montserrat */,
			);
			path = Fonts;
			sourceTree = "<group>";
		};
		F96A243227304419003331F9 /* Montserrat */ = {
			isa = PBXGroup;
			children = (
				F968AF7A2745489F00BD2759 /* Montserrat-Medium.ttf */,
				F96A2435273044F2003331F9 /* Montserrat-Bold.ttf */,
				F96A2436273044F2003331F9 /* Montserrat-BoldItalic.ttf */,
				F96A2433273044F2003331F9 /* Montserrat-Italic.ttf */,
				F96A2434273044F2003331F9 /* Montserrat-Regular.ttf */,
			);
			path = Montserrat;
			sourceTree = "<group>";
		};
		F98984212745561A007DEFAB /* LanguageSelection */ = {
			isa = PBXGroup;
			children = (
				F989842227455665007DEFAB /* LanguageSelectionVC.swift */,
				F9898424274556C4007DEFAB /* LanguageSelectionViewModel.swift */,
			);
			path = LanguageSelection;
			sourceTree = "<group>";
		};
		F9ACC7A9273158E0004B9380 /* OnBoarding */ = {
			isa = PBXGroup;
			children = (
				F9ACC7AA273158E0004B9380 /* OnBoardingView.swift */,
				F9ACC7AB273158E0004B9380 /* OnBoardingView.xib */,
			);
			path = OnBoarding;
			sourceTree = "<group>";
		};
		F9ACC7AE27315927004B9380 /* Constants */ = {
			isa = PBXGroup;
			children = (
				F9ACC7AF27315927004B9380 /* Constants.swift */,
				F9ACC7B027315927004B9380 /* AccessibilityConstants.swift */,
			);
			path = Constants;
			sourceTree = "<group>";
		};
		F9ACC7B327315962004B9380 /* Extensions */ = {
			isa = PBXGroup;
			children = (
				F9ACC7B427315962004B9380 /* Date.swift */,
				F95B6F542746887A007D62D9 /* DateFormatter+Ext.swift */,
				F95B6F5B27469B67007D62D9 /* Notification+Names.swift */,
				F9ACC7B727315962004B9380 /* String.swift */,
				F95B6F502746854B007D62D9 /* String+Constants.swift */,
				F9ACC7CD27317B84004B9380 /* String+Ext.swift */,
				F9ACC7B527315962004B9380 /* UIView.swift */,
				F968AF7C27454FBF00BD2759 /* UIView+IBInspectable.swift */,
				F9ACC7B627315962004B9380 /* UIColor.swift */,
				F9ACC7B827315962004B9380 /* UIViewController.swift */,
				F9ACC7CF27317C8C004B9380 /* UIFont+Ext.swift */,
				5BB53D26274ECD54009D42CC /* UIControl+AddAction.swift */,
			);
			path = Extensions;
			sourceTree = "<group>";
		};
		F9ACC7C7273179AA004B9380 /* Localization */ = {
			isa = PBXGroup;
			children = (
				F9ACC7CC273179DC004B9380 /* Localizable.strings */,
				F94F4390274D3A4000296A49 /* InfoPlist.strings */,
			);
			path = Localization;
			sourceTree = "<group>";
		};
		F9BBC99C274C4C8C005F511A /* NunitoSans */ = {
			isa = PBXGroup;
			children = (
				F9BBC99D274C4C8C005F511A /* NunitoSans-Regular.ttf */,
			);
			path = NunitoSans;
			sourceTree = "<group>";
		};
		F9C15A792747C05A004FE462 /* Landing */ = {
			isa = PBXGroup;
			children = (
				F9C15A7A2747C07F004FE462 /* LandingViewController.swift */,
				F9C15A7C2747C0C7004FE462 /* LandingViewModel.swift */,
			);
			path = Landing;
			sourceTree = "<group>";
		};
/* End PBXGroup section */

/* Begin PBXNativeTarget section */
		F96A241927303BA4003331F9 /* YukonVaccinationVerifier */ = {
			isa = PBXNativeTarget;
			buildConfigurationList = F96A242E27303BA7003331F9 /* Build configuration list for PBXNativeTarget "YukonVaccinationVerifier" */;
			buildPhases = (
				EB2487233A55A6E36E9A0331 /* [CP] Check Pods Manifest.lock */,
				F96A241627303BA4003331F9 /* Sources */,
				F96A241727303BA4003331F9 /* Frameworks */,
				F96A241827303BA4003331F9 /* Resources */,
				3D5A0C586800F6020AB173BF /* [CP] Embed Pods Frameworks */,
			);
			buildRules = (
			);
			dependencies = (
			);
			name = YukonVaccinationVerifier;
			productName = YukonVaccinationVerifier;
			productReference = F96A241A27303BA4003331F9 /* YukonVaccinationVerifier.app */;
			productType = "com.apple.product-type.application";
		};
/* End PBXNativeTarget section */

/* Begin PBXProject section */
		F96A241227303BA4003331F9 /* Project object */ = {
			isa = PBXProject;
			attributes = {
				LastSwiftUpdateCheck = 1250;
				LastUpgradeCheck = 1250;
				TargetAttributes = {
					F96A241927303BA4003331F9 = {
						CreatedOnToolsVersion = 12.5.1;
					};
				};
			};
			buildConfigurationList = F96A241527303BA4003331F9 /* Build configuration list for PBXProject "YukonVaccinationVerifier" */;
			compatibilityVersion = "Xcode 9.3";
			developmentRegion = en;
			hasScannedForEncodings = 0;
			knownRegions = (
				en,
				Base,
				"fr-CA",
			);
			mainGroup = F96A241127303BA4003331F9;
			productRefGroup = F96A241B27303BA4003331F9 /* Products */;
			projectDirPath = "";
			projectRoot = "";
			targets = (
				F96A241927303BA4003331F9 /* YukonVaccinationVerifier */,
			);
		};
/* End PBXProject section */

/* Begin PBXResourcesBuildPhase section */
		F96A241827303BA4003331F9 /* Resources */ = {
			isa = PBXResourcesBuildPhase;
			buildActionMask = 2147483647;
			files = (
				F96A242A27303BA7003331F9 /* LaunchScreen.storyboard in Resources */,
				F94F438E274D3A4000296A49 /* InfoPlist.strings in Resources */,
				F9ACC7AD273158E0004B9380 /* OnBoardingView.xib in Resources */,
				F96A243A273044F2003331F9 /* Montserrat-BoldItalic.ttf in Resources */,
				F96A242727303BA7003331F9 /* Assets.xcassets in Resources */,
				F9ACC7CA273179DC004B9380 /* Localizable.strings in Resources */,
				F9BBC99E274C4C8C005F511A /* NunitoSans-Regular.ttf in Resources */,
				F9FB64602731920600E4C44D /* Colors.xcassets in Resources */,
				F96A2439273044F2003331F9 /* Montserrat-Bold.ttf in Resources */,
				F96A242527303BA4003331F9 /* Main.storyboard in Resources */,
				F96A2438273044F2003331F9 /* Montserrat-Regular.ttf in Resources */,
				F968AF7B2745489F00BD2759 /* Montserrat-Medium.ttf in Resources */,
				F96A2437273044F2003331F9 /* Montserrat-Italic.ttf in Resources */,
			);
			runOnlyForDeploymentPostprocessing = 0;
		};
/* End PBXResourcesBuildPhase section */

/* Begin PBXShellScriptBuildPhase section */
		3D5A0C586800F6020AB173BF /* [CP] Embed Pods Frameworks */ = {
			isa = PBXShellScriptBuildPhase;
			buildActionMask = 2147483647;
			files = (
			);
			inputFileListPaths = (
				"${PODS_ROOT}/Target Support Files/Pods-YukonVaccinationVerifier/Pods-YukonVaccinationVerifier-frameworks-${CONFIGURATION}-input-files.xcfilelist",
			);
			name = "[CP] Embed Pods Frameworks";
			outputFileListPaths = (
				"${PODS_ROOT}/Target Support Files/Pods-YukonVaccinationVerifier/Pods-YukonVaccinationVerifier-frameworks-${CONFIGURATION}-output-files.xcfilelist",
			);
			runOnlyForDeploymentPostprocessing = 0;
			shellPath = /bin/sh;
			shellScript = "\"${PODS_ROOT}/Target Support Files/Pods-YukonVaccinationVerifier/Pods-YukonVaccinationVerifier-frameworks.sh\"\n";
			showEnvVarsInLog = 0;
		};
		EB2487233A55A6E36E9A0331 /* [CP] Check Pods Manifest.lock */ = {
			isa = PBXShellScriptBuildPhase;
			buildActionMask = 2147483647;
			files = (
			);
			inputFileListPaths = (
			);
			inputPaths = (
				"${PODS_PODFILE_DIR_PATH}/Podfile.lock",
				"${PODS_ROOT}/Manifest.lock",
			);
			name = "[CP] Check Pods Manifest.lock";
			outputFileListPaths = (
			);
			outputPaths = (
				"$(DERIVED_FILE_DIR)/Pods-YukonVaccinationVerifier-checkManifestLockResult.txt",
			);
			runOnlyForDeploymentPostprocessing = 0;
			shellPath = /bin/sh;
			shellScript = "diff \"${PODS_PODFILE_DIR_PATH}/Podfile.lock\" \"${PODS_ROOT}/Manifest.lock\" > /dev/null\nif [ $? != 0 ] ; then\n    # print error to STDERR\n    echo \"error: The sandbox is not in sync with the Podfile.lock. Run 'pod install' or update your CocoaPods installation.\" >&2\n    exit 1\nfi\n# This output is used by Xcode 'outputs' to avoid re-running this script phase.\necho \"SUCCESS\" > \"${SCRIPT_OUTPUT_FILE_0}\"\n";
			showEnvVarsInLog = 0;
		};
/* End PBXShellScriptBuildPhase section */

/* Begin PBXSourcesBuildPhase section */
		F96A241627303BA4003331F9 /* Sources */ = {
			isa = PBXSourcesBuildPhase;
			buildActionMask = 2147483647;
			files = (
				F9ACC7D027317C8C004B9380 /* UIFont+Ext.swift in Sources */,
				F9ACC7C027315B76004B9380 /* ViewController.swift in Sources */,
				F9ACC7AC273158E0004B9380 /* OnBoardingView.swift in Sources */,
				F95B6F5C27469B67007D62D9 /* Notification+Names.swift in Sources */,
				F9ACC7B927315962004B9380 /* Date.swift in Sources */,
				F9ACC7B227315927004B9380 /* AccessibilityConstants.swift in Sources */,
				5BD65E3A27446FD100B4D63D /* BusinessGuidanceViewBuilder.swift in Sources */,
				F9ACC7BC27315962004B9380 /* String.swift in Sources */,
				F95B6F522746854B007D62D9 /* String+Constants.swift in Sources */,
				F9ACC7BD27315962004B9380 /* UIViewController.swift in Sources */,
				F989842327455666007DEFAB /* LanguageSelectionVC.swift in Sources */,
				F9ACC7BA27315962004B9380 /* UIView.swift in Sources */,
				F9ACC7CE27317B84004B9380 /* String+Ext.swift in Sources */,
				F9ACC7BB27315962004B9380 /* UIColor.swift in Sources */,
				5BB53D27274ECD54009D42CC /* UIControl+AddAction.swift in Sources */,
				F95B6F5E27469C34007D62D9 /* LanguageService.swift in Sources */,
				F9898425274556C4007DEFAB /* LanguageSelectionViewModel.swift in Sources */,
				F95B6F5A27469895007D62D9 /* BaseViewController.swift in Sources */,
				F9C15A7D2747C0C7004FE462 /* LandingViewModel.swift in Sources */,
				F9ACC7C627317190004B9380 /* UpdateManager.swift in Sources */,
				F95B6F6627469F31007D62D9 /* UserDefault.swift in Sources */,
				F95B6F4F274684E7007D62D9 /* Logger.swift in Sources */,
				F9ACC7C127315B76004B9380 /* ScanResultViewController.swift in Sources */,
				F95B6F532746854B007D62D9 /* ReactiveVarBox.swift in Sources */,
				F95B6F552746887A007D62D9 /* DateFormatter+Ext.swift in Sources */,
				F968AF7D27454FBF00BD2759 /* UIView+IBInspectable.swift in Sources */,
				F96A241E27303BA4003331F9 /* AppDelegate.swift in Sources */,
				F9C15A7B2747C07F004FE462 /* LandingViewController.swift in Sources */,
				F9ACC7B127315927004B9380 /* Constants.swift in Sources */,
			);
			runOnlyForDeploymentPostprocessing = 0;
		};
/* End PBXSourcesBuildPhase section */

/* Begin PBXVariantGroup section */
		F94F4390274D3A4000296A49 /* InfoPlist.strings */ = {
			isa = PBXVariantGroup;
			children = (
				F94F438F274D3A4000296A49 /* en */,
				F94F4391274D3A4500296A49 /* fr-CA */,
			);
			name = InfoPlist.strings;
			sourceTree = "<group>";
		};
		F96A242327303BA4003331F9 /* Main.storyboard */ = {
			isa = PBXVariantGroup;
			children = (
				F96A242427303BA4003331F9 /* Base */,
			);
			name = Main.storyboard;
			sourceTree = "<group>";
		};
		F96A242827303BA7003331F9 /* LaunchScreen.storyboard */ = {
			isa = PBXVariantGroup;
			children = (
				F96A242927303BA7003331F9 /* Base */,
			);
			name = LaunchScreen.storyboard;
			sourceTree = "<group>";
		};
		F9ACC7CC273179DC004B9380 /* Localizable.strings */ = {
			isa = PBXVariantGroup;
			children = (
				F9ACC7CB273179DC004B9380 /* en */,
				F91773F42749D065009F6FAB /* fr-CA */,
			);
			name = Localizable.strings;
			sourceTree = "<group>";
		};
/* End PBXVariantGroup section */

/* Begin XCBuildConfiguration section */
		F98A769C2750FFFD0001197F /* ADHOC */ = {
			isa = XCBuildConfiguration;
			buildSettings = {
				ALWAYS_SEARCH_USER_PATHS = NO;
				CLANG_ANALYZER_LOCALIZABILITY_NONLOCALIZED = YES;
				CLANG_ANALYZER_NONNULL = YES;
				CLANG_ANALYZER_NUMBER_OBJECT_CONVERSION = YES_AGGRESSIVE;
				CLANG_CXX_LANGUAGE_STANDARD = "gnu++14";
				CLANG_CXX_LIBRARY = "libc++";
				CLANG_ENABLE_MODULES = YES;
				CLANG_ENABLE_OBJC_ARC = YES;
				CLANG_ENABLE_OBJC_WEAK = YES;
				CLANG_WARN_BLOCK_CAPTURE_AUTORELEASING = YES;
				CLANG_WARN_BOOL_CONVERSION = YES;
				CLANG_WARN_COMMA = YES;
				CLANG_WARN_CONSTANT_CONVERSION = YES;
				CLANG_WARN_DEPRECATED_OBJC_IMPLEMENTATIONS = YES;
				CLANG_WARN_DIRECT_OBJC_ISA_USAGE = YES_ERROR;
				CLANG_WARN_DOCUMENTATION_COMMENTS = YES;
				CLANG_WARN_EMPTY_BODY = YES;
				CLANG_WARN_ENUM_CONVERSION = YES;
				CLANG_WARN_INFINITE_RECURSION = YES;
				CLANG_WARN_INT_CONVERSION = YES;
				CLANG_WARN_NON_LITERAL_NULL_CONVERSION = YES;
				CLANG_WARN_OBJC_IMPLICIT_RETAIN_SELF = YES;
				CLANG_WARN_OBJC_LITERAL_CONVERSION = YES;
				CLANG_WARN_OBJC_ROOT_CLASS = YES_ERROR;
				CLANG_WARN_QUOTED_INCLUDE_IN_FRAMEWORK_HEADER = YES;
				CLANG_WARN_RANGE_LOOP_ANALYSIS = YES;
				CLANG_WARN_STRICT_PROTOTYPES = YES;
				CLANG_WARN_SUSPICIOUS_MOVE = YES;
				CLANG_WARN_UNGUARDED_AVAILABILITY = YES_AGGRESSIVE;
				CLANG_WARN_UNREACHABLE_CODE = YES;
				CLANG_WARN__DUPLICATE_METHOD_MATCH = YES;
				COPY_PHASE_STRIP = NO;
				DEBUG_INFORMATION_FORMAT = "dwarf-with-dsym";
				ENABLE_NS_ASSERTIONS = NO;
				ENABLE_STRICT_OBJC_MSGSEND = YES;
				GCC_C_LANGUAGE_STANDARD = gnu11;
				GCC_NO_COMMON_BLOCKS = YES;
				GCC_WARN_64_TO_32_BIT_CONVERSION = YES;
				GCC_WARN_ABOUT_RETURN_TYPE = YES_ERROR;
				GCC_WARN_UNDECLARED_SELECTOR = YES;
				GCC_WARN_UNINITIALIZED_AUTOS = YES_AGGRESSIVE;
				GCC_WARN_UNUSED_FUNCTION = YES;
				GCC_WARN_UNUSED_VARIABLE = YES;
				IPHONEOS_DEPLOYMENT_TARGET = 11.0;
				MTL_ENABLE_DEBUG_INFO = NO;
				MTL_FAST_MATH = YES;
				SDKROOT = iphoneos;
				SWIFT_COMPILATION_MODE = wholemodule;
				SWIFT_OPTIMIZATION_LEVEL = "-O";
				VALIDATE_PRODUCT = YES;
			};
			name = ADHOC;
		};
		F98A769D2750FFFD0001197F /* ADHOC */ = {
			isa = XCBuildConfiguration;
			baseConfigurationReference = C5545F5B48A373CD6453DA17 /* Pods-YukonVaccinationVerifier.adhoc.xcconfig */;
			buildSettings = {
				ASSETCATALOG_COMPILER_APPICON_NAME = AppIcon;
				ASSETCATALOG_COMPILER_GLOBAL_ACCENT_COLOR_NAME = AccentColor;
				CODE_SIGN_IDENTITY = "iPhone Distribution";
				CODE_SIGN_STYLE = Manual;
				CURRENT_PROJECT_VERSION = 1;
				DEVELOPMENT_TEAM = TCH45SXZ69;
				INFOPLIST_FILE = YukonVaccinationVerifier/Info.plist;
				LD_RUNPATH_SEARCH_PATHS = (
					"$(inherited)",
					"@executable_path/Frameworks",
				);
				MARKETING_VERSION = 1.2;
				PRODUCT_BUNDLE_IDENTIFIER = io.freshworks.YukonVaccinationVerifier;
				PRODUCT_NAME = "$(TARGET_NAME)";
				PROVISIONING_PROFILE_SPECIFIER = "Yukon Vaccination Verifier - Ad Hoc";
				SWIFT_VERSION = 5.0;
				TARGETED_DEVICE_FAMILY = "1,2";
				YK_DISPLAY_NAME = "ADH YVV";
			};
			name = ADHOC;
		};
		F9E7FF482750FA010026E34E /* DEV */ = {
			isa = XCBuildConfiguration;
			buildSettings = {
				ALWAYS_SEARCH_USER_PATHS = NO;
				CLANG_ANALYZER_LOCALIZABILITY_NONLOCALIZED = YES;
				CLANG_ANALYZER_NONNULL = YES;
				CLANG_ANALYZER_NUMBER_OBJECT_CONVERSION = YES_AGGRESSIVE;
				CLANG_CXX_LANGUAGE_STANDARD = "gnu++14";
				CLANG_CXX_LIBRARY = "libc++";
				CLANG_ENABLE_MODULES = YES;
				CLANG_ENABLE_OBJC_ARC = YES;
				CLANG_ENABLE_OBJC_WEAK = YES;
				CLANG_WARN_BLOCK_CAPTURE_AUTORELEASING = YES;
				CLANG_WARN_BOOL_CONVERSION = YES;
				CLANG_WARN_COMMA = YES;
				CLANG_WARN_CONSTANT_CONVERSION = YES;
				CLANG_WARN_DEPRECATED_OBJC_IMPLEMENTATIONS = YES;
				CLANG_WARN_DIRECT_OBJC_ISA_USAGE = YES_ERROR;
				CLANG_WARN_DOCUMENTATION_COMMENTS = YES;
				CLANG_WARN_EMPTY_BODY = YES;
				CLANG_WARN_ENUM_CONVERSION = YES;
				CLANG_WARN_INFINITE_RECURSION = YES;
				CLANG_WARN_INT_CONVERSION = YES;
				CLANG_WARN_NON_LITERAL_NULL_CONVERSION = YES;
				CLANG_WARN_OBJC_IMPLICIT_RETAIN_SELF = YES;
				CLANG_WARN_OBJC_LITERAL_CONVERSION = YES;
				CLANG_WARN_OBJC_ROOT_CLASS = YES_ERROR;
				CLANG_WARN_QUOTED_INCLUDE_IN_FRAMEWORK_HEADER = YES;
				CLANG_WARN_RANGE_LOOP_ANALYSIS = YES;
				CLANG_WARN_STRICT_PROTOTYPES = YES;
				CLANG_WARN_SUSPICIOUS_MOVE = YES;
				CLANG_WARN_UNGUARDED_AVAILABILITY = YES_AGGRESSIVE;
				CLANG_WARN_UNREACHABLE_CODE = YES;
				CLANG_WARN__DUPLICATE_METHOD_MATCH = YES;
				COPY_PHASE_STRIP = NO;
				DEBUG_INFORMATION_FORMAT = dwarf;
				ENABLE_STRICT_OBJC_MSGSEND = YES;
				ENABLE_TESTABILITY = YES;
				GCC_C_LANGUAGE_STANDARD = gnu11;
				GCC_DYNAMIC_NO_PIC = NO;
				GCC_NO_COMMON_BLOCKS = YES;
				GCC_OPTIMIZATION_LEVEL = 0;
				GCC_PREPROCESSOR_DEFINITIONS = (
					"DEBUG=1",
					"$(inherited)",
				);
				GCC_WARN_64_TO_32_BIT_CONVERSION = YES;
				GCC_WARN_ABOUT_RETURN_TYPE = YES_ERROR;
				GCC_WARN_UNDECLARED_SELECTOR = YES;
				GCC_WARN_UNINITIALIZED_AUTOS = YES_AGGRESSIVE;
				GCC_WARN_UNUSED_FUNCTION = YES;
				GCC_WARN_UNUSED_VARIABLE = YES;
				IPHONEOS_DEPLOYMENT_TARGET = 11.0;
				MTL_ENABLE_DEBUG_INFO = INCLUDE_SOURCE;
				MTL_FAST_MATH = YES;
				ONLY_ACTIVE_ARCH = YES;
				SDKROOT = iphoneos;
				SWIFT_ACTIVE_COMPILATION_CONDITIONS = DEBUG;
				SWIFT_OPTIMIZATION_LEVEL = "-Onone";
			};
			name = DEV;
		};
		F9E7FF492750FA010026E34E /* DEV */ = {
			isa = XCBuildConfiguration;
			baseConfigurationReference = 416FCAD040DEF48134C60529 /* Pods-YukonVaccinationVerifier.dev.xcconfig */;
			buildSettings = {
				ASSETCATALOG_COMPILER_APPICON_NAME = AppIcon;
				ASSETCATALOG_COMPILER_GLOBAL_ACCENT_COLOR_NAME = AccentColor;
				CODE_SIGN_STYLE = Automatic;
				CURRENT_PROJECT_VERSION = 1;
				DEVELOPMENT_TEAM = TCH45SXZ69;
				INFOPLIST_FILE = YukonVaccinationVerifier/Info.plist;
				LD_RUNPATH_SEARCH_PATHS = (
					"$(inherited)",
					"@executable_path/Frameworks",
				);
				MARKETING_VERSION = 1.2;
				PRODUCT_BUNDLE_IDENTIFIER = io.freshworks.YukonVaccinationVerifier;
				PRODUCT_NAME = "$(TARGET_NAME)";
				SWIFT_ACTIVE_COMPILATION_CONDITIONS = "DEBUG DEV";
				SWIFT_VERSION = 5.0;
				TARGETED_DEVICE_FAMILY = "1,2";
				YK_DISPLAY_NAME = "DEV YVV";
			};
			name = DEV;
		};
		F9E7FF4A2750FA110026E34E /* TST */ = {
			isa = XCBuildConfiguration;
			buildSettings = {
				ALWAYS_SEARCH_USER_PATHS = NO;
				CLANG_ANALYZER_LOCALIZABILITY_NONLOCALIZED = YES;
				CLANG_ANALYZER_NONNULL = YES;
				CLANG_ANALYZER_NUMBER_OBJECT_CONVERSION = YES_AGGRESSIVE;
				CLANG_CXX_LANGUAGE_STANDARD = "gnu++14";
				CLANG_CXX_LIBRARY = "libc++";
				CLANG_ENABLE_MODULES = YES;
				CLANG_ENABLE_OBJC_ARC = YES;
				CLANG_ENABLE_OBJC_WEAK = YES;
				CLANG_WARN_BLOCK_CAPTURE_AUTORELEASING = YES;
				CLANG_WARN_BOOL_CONVERSION = YES;
				CLANG_WARN_COMMA = YES;
				CLANG_WARN_CONSTANT_CONVERSION = YES;
				CLANG_WARN_DEPRECATED_OBJC_IMPLEMENTATIONS = YES;
				CLANG_WARN_DIRECT_OBJC_ISA_USAGE = YES_ERROR;
				CLANG_WARN_DOCUMENTATION_COMMENTS = YES;
				CLANG_WARN_EMPTY_BODY = YES;
				CLANG_WARN_ENUM_CONVERSION = YES;
				CLANG_WARN_INFINITE_RECURSION = YES;
				CLANG_WARN_INT_CONVERSION = YES;
				CLANG_WARN_NON_LITERAL_NULL_CONVERSION = YES;
				CLANG_WARN_OBJC_IMPLICIT_RETAIN_SELF = YES;
				CLANG_WARN_OBJC_LITERAL_CONVERSION = YES;
				CLANG_WARN_OBJC_ROOT_CLASS = YES_ERROR;
				CLANG_WARN_QUOTED_INCLUDE_IN_FRAMEWORK_HEADER = YES;
				CLANG_WARN_RANGE_LOOP_ANALYSIS = YES;
				CLANG_WARN_STRICT_PROTOTYPES = YES;
				CLANG_WARN_SUSPICIOUS_MOVE = YES;
				CLANG_WARN_UNGUARDED_AVAILABILITY = YES_AGGRESSIVE;
				CLANG_WARN_UNREACHABLE_CODE = YES;
				CLANG_WARN__DUPLICATE_METHOD_MATCH = YES;
				COPY_PHASE_STRIP = NO;
				DEBUG_INFORMATION_FORMAT = "dwarf-with-dsym";
				ENABLE_NS_ASSERTIONS = NO;
				ENABLE_STRICT_OBJC_MSGSEND = YES;
				GCC_C_LANGUAGE_STANDARD = gnu11;
				GCC_NO_COMMON_BLOCKS = YES;
				GCC_WARN_64_TO_32_BIT_CONVERSION = YES;
				GCC_WARN_ABOUT_RETURN_TYPE = YES_ERROR;
				GCC_WARN_UNDECLARED_SELECTOR = YES;
				GCC_WARN_UNINITIALIZED_AUTOS = YES_AGGRESSIVE;
				GCC_WARN_UNUSED_FUNCTION = YES;
				GCC_WARN_UNUSED_VARIABLE = YES;
				IPHONEOS_DEPLOYMENT_TARGET = 11.0;
				MTL_ENABLE_DEBUG_INFO = NO;
				MTL_FAST_MATH = YES;
				SDKROOT = iphoneos;
				SWIFT_COMPILATION_MODE = wholemodule;
				SWIFT_OPTIMIZATION_LEVEL = "-O";
				VALIDATE_PRODUCT = YES;
			};
			name = TST;
		};
		F9E7FF4B2750FA110026E34E /* TST */ = {
			isa = XCBuildConfiguration;
			baseConfigurationReference = 4455092513451B04F21EE6BB /* Pods-YukonVaccinationVerifier.tst.xcconfig */;
			buildSettings = {
				ASSETCATALOG_COMPILER_APPICON_NAME = AppIcon;
				ASSETCATALOG_COMPILER_GLOBAL_ACCENT_COLOR_NAME = AccentColor;
				CODE_SIGN_IDENTITY = "iPhone Distribution";
				CODE_SIGN_STYLE = Manual;
				CURRENT_PROJECT_VERSION = 1;
				DEVELOPMENT_TEAM = TCH45SXZ69;
				INFOPLIST_FILE = YukonVaccinationVerifier/Info.plist;
				LD_RUNPATH_SEARCH_PATHS = (
					"$(inherited)",
					"@executable_path/Frameworks",
				);
				MARKETING_VERSION = 1.2;
				PRODUCT_BUNDLE_IDENTIFIER = "io.freshworks.YukonVaccinationVerifier-TST";
				PRODUCT_NAME = "$(TARGET_NAME)";
				PROVISIONING_PROFILE_SPECIFIER = "Yukon Vaccination Verifier TST";
				SWIFT_ACTIVE_COMPILATION_CONDITIONS = TST;
				SWIFT_VERSION = 5.0;
				TARGETED_DEVICE_FAMILY = "1,2";
				YK_DISPLAY_NAME = "TST YVV";
			};
			name = TST;
		};
		F9E7FF4C2750FA2D0026E34E /* STG */ = {
			isa = XCBuildConfiguration;
			buildSettings = {
				ALWAYS_SEARCH_USER_PATHS = NO;
				CLANG_ANALYZER_LOCALIZABILITY_NONLOCALIZED = YES;
				CLANG_ANALYZER_NONNULL = YES;
				CLANG_ANALYZER_NUMBER_OBJECT_CONVERSION = YES_AGGRESSIVE;
				CLANG_CXX_LANGUAGE_STANDARD = "gnu++14";
				CLANG_CXX_LIBRARY = "libc++";
				CLANG_ENABLE_MODULES = YES;
				CLANG_ENABLE_OBJC_ARC = YES;
				CLANG_ENABLE_OBJC_WEAK = YES;
				CLANG_WARN_BLOCK_CAPTURE_AUTORELEASING = YES;
				CLANG_WARN_BOOL_CONVERSION = YES;
				CLANG_WARN_COMMA = YES;
				CLANG_WARN_CONSTANT_CONVERSION = YES;
				CLANG_WARN_DEPRECATED_OBJC_IMPLEMENTATIONS = YES;
				CLANG_WARN_DIRECT_OBJC_ISA_USAGE = YES_ERROR;
				CLANG_WARN_DOCUMENTATION_COMMENTS = YES;
				CLANG_WARN_EMPTY_BODY = YES;
				CLANG_WARN_ENUM_CONVERSION = YES;
				CLANG_WARN_INFINITE_RECURSION = YES;
				CLANG_WARN_INT_CONVERSION = YES;
				CLANG_WARN_NON_LITERAL_NULL_CONVERSION = YES;
				CLANG_WARN_OBJC_IMPLICIT_RETAIN_SELF = YES;
				CLANG_WARN_OBJC_LITERAL_CONVERSION = YES;
				CLANG_WARN_OBJC_ROOT_CLASS = YES_ERROR;
				CLANG_WARN_QUOTED_INCLUDE_IN_FRAMEWORK_HEADER = YES;
				CLANG_WARN_RANGE_LOOP_ANALYSIS = YES;
				CLANG_WARN_STRICT_PROTOTYPES = YES;
				CLANG_WARN_SUSPICIOUS_MOVE = YES;
				CLANG_WARN_UNGUARDED_AVAILABILITY = YES_AGGRESSIVE;
				CLANG_WARN_UNREACHABLE_CODE = YES;
				CLANG_WARN__DUPLICATE_METHOD_MATCH = YES;
				COPY_PHASE_STRIP = NO;
				DEBUG_INFORMATION_FORMAT = "dwarf-with-dsym";
				ENABLE_NS_ASSERTIONS = NO;
				ENABLE_STRICT_OBJC_MSGSEND = YES;
				GCC_C_LANGUAGE_STANDARD = gnu11;
				GCC_NO_COMMON_BLOCKS = YES;
				GCC_WARN_64_TO_32_BIT_CONVERSION = YES;
				GCC_WARN_ABOUT_RETURN_TYPE = YES_ERROR;
				GCC_WARN_UNDECLARED_SELECTOR = YES;
				GCC_WARN_UNINITIALIZED_AUTOS = YES_AGGRESSIVE;
				GCC_WARN_UNUSED_FUNCTION = YES;
				GCC_WARN_UNUSED_VARIABLE = YES;
				IPHONEOS_DEPLOYMENT_TARGET = 11.0;
				MTL_ENABLE_DEBUG_INFO = NO;
				MTL_FAST_MATH = YES;
				SDKROOT = iphoneos;
				SWIFT_COMPILATION_MODE = wholemodule;
				SWIFT_OPTIMIZATION_LEVEL = "-O";
				VALIDATE_PRODUCT = YES;
			};
			name = STG;
		};
		F9E7FF4D2750FA2D0026E34E /* STG */ = {
			isa = XCBuildConfiguration;
			baseConfigurationReference = A41B41D4E5B739FB3724FE7C /* Pods-YukonVaccinationVerifier.stg.xcconfig */;
			buildSettings = {
				ASSETCATALOG_COMPILER_APPICON_NAME = AppIcon;
				ASSETCATALOG_COMPILER_GLOBAL_ACCENT_COLOR_NAME = AccentColor;
				CODE_SIGN_IDENTITY = "iPhone Distribution";
				CODE_SIGN_STYLE = Manual;
				CURRENT_PROJECT_VERSION = 1;
				DEVELOPMENT_TEAM = Z593J8PD3M;
				INFOPLIST_FILE = YukonVaccinationVerifier/Info.plist;
				LD_RUNPATH_SEARCH_PATHS = (
					"$(inherited)",
					"@executable_path/Frameworks",
				);
				MARKETING_VERSION = 1.2;
				PRODUCT_BUNDLE_IDENTIFIER = "ca.yk.gov.vaxcheck-STG";
				PRODUCT_NAME = "$(TARGET_NAME)";
				PROVISIONING_PROFILE_SPECIFIER = "Yukon Vaccine Verifier distribution - STG";
				SWIFT_ACTIVE_COMPILATION_CONDITIONS = STG;
				SWIFT_VERSION = 5.0;
				TARGETED_DEVICE_FAMILY = "1,2";
				YK_DISPLAY_NAME = "STG YVV";
			};
			name = STG;
		};
		F9E7FF502750FAAB0026E34E /* PROD */ = {
			isa = XCBuildConfiguration;
			buildSettings = {
				ALWAYS_SEARCH_USER_PATHS = NO;
				CLANG_ANALYZER_LOCALIZABILITY_NONLOCALIZED = YES;
				CLANG_ANALYZER_NONNULL = YES;
				CLANG_ANALYZER_NUMBER_OBJECT_CONVERSION = YES_AGGRESSIVE;
				CLANG_CXX_LANGUAGE_STANDARD = "gnu++14";
				CLANG_CXX_LIBRARY = "libc++";
				CLANG_ENABLE_MODULES = YES;
				CLANG_ENABLE_OBJC_ARC = YES;
				CLANG_ENABLE_OBJC_WEAK = YES;
				CLANG_WARN_BLOCK_CAPTURE_AUTORELEASING = YES;
				CLANG_WARN_BOOL_CONVERSION = YES;
				CLANG_WARN_COMMA = YES;
				CLANG_WARN_CONSTANT_CONVERSION = YES;
				CLANG_WARN_DEPRECATED_OBJC_IMPLEMENTATIONS = YES;
				CLANG_WARN_DIRECT_OBJC_ISA_USAGE = YES_ERROR;
				CLANG_WARN_DOCUMENTATION_COMMENTS = YES;
				CLANG_WARN_EMPTY_BODY = YES;
				CLANG_WARN_ENUM_CONVERSION = YES;
				CLANG_WARN_INFINITE_RECURSION = YES;
				CLANG_WARN_INT_CONVERSION = YES;
				CLANG_WARN_NON_LITERAL_NULL_CONVERSION = YES;
				CLANG_WARN_OBJC_IMPLICIT_RETAIN_SELF = YES;
				CLANG_WARN_OBJC_LITERAL_CONVERSION = YES;
				CLANG_WARN_OBJC_ROOT_CLASS = YES_ERROR;
				CLANG_WARN_QUOTED_INCLUDE_IN_FRAMEWORK_HEADER = YES;
				CLANG_WARN_RANGE_LOOP_ANALYSIS = YES;
				CLANG_WARN_STRICT_PROTOTYPES = YES;
				CLANG_WARN_SUSPICIOUS_MOVE = YES;
				CLANG_WARN_UNGUARDED_AVAILABILITY = YES_AGGRESSIVE;
				CLANG_WARN_UNREACHABLE_CODE = YES;
				CLANG_WARN__DUPLICATE_METHOD_MATCH = YES;
				COPY_PHASE_STRIP = NO;
				DEBUG_INFORMATION_FORMAT = "dwarf-with-dsym";
				ENABLE_NS_ASSERTIONS = NO;
				ENABLE_STRICT_OBJC_MSGSEND = YES;
				GCC_C_LANGUAGE_STANDARD = gnu11;
				GCC_NO_COMMON_BLOCKS = YES;
				GCC_WARN_64_TO_32_BIT_CONVERSION = YES;
				GCC_WARN_ABOUT_RETURN_TYPE = YES_ERROR;
				GCC_WARN_UNDECLARED_SELECTOR = YES;
				GCC_WARN_UNINITIALIZED_AUTOS = YES_AGGRESSIVE;
				GCC_WARN_UNUSED_FUNCTION = YES;
				GCC_WARN_UNUSED_VARIABLE = YES;
				IPHONEOS_DEPLOYMENT_TARGET = 11.0;
				MTL_ENABLE_DEBUG_INFO = NO;
				MTL_FAST_MATH = YES;
				SDKROOT = iphoneos;
				SWIFT_COMPILATION_MODE = wholemodule;
				SWIFT_OPTIMIZATION_LEVEL = "-O";
				VALIDATE_PRODUCT = YES;
			};
			name = PROD;
		};
		F9E7FF512750FAAB0026E34E /* PROD */ = {
			isa = XCBuildConfiguration;
			baseConfigurationReference = 2DC54DBE9D06C1EBE6C149F6 /* Pods-YukonVaccinationVerifier.prod.xcconfig */;
			buildSettings = {
				ASSETCATALOG_COMPILER_APPICON_NAME = AppIcon;
				ASSETCATALOG_COMPILER_GLOBAL_ACCENT_COLOR_NAME = AccentColor;
				CODE_SIGN_IDENTITY = "iPhone Distribution";
				CODE_SIGN_STYLE = Manual;
				CURRENT_PROJECT_VERSION = 1;
				DEVELOPMENT_TEAM = Z593J8PD3M;
				INFOPLIST_FILE = YukonVaccinationVerifier/Info.plist;
				LD_RUNPATH_SEARCH_PATHS = (
					"$(inherited)",
					"@executable_path/Frameworks",
				);
				MARKETING_VERSION = 1.2;
				PRODUCT_BUNDLE_IDENTIFIER = ca.yk.gov.vaxcheck;
				PRODUCT_NAME = "$(TARGET_NAME)";
				PROVISIONING_PROFILE_SPECIFIER = "Yukon Vaccine Verifier distribution";
				SWIFT_ACTIVE_COMPILATION_CONDITIONS = PROD;
				SWIFT_VERSION = 5.0;
				TARGETED_DEVICE_FAMILY = "1,2";
				YK_DISPLAY_NAME = "Yukon Vaccination Verifier";
			};
			name = PROD;
		};
/* End XCBuildConfiguration section */

/* Begin XCConfigurationList section */
		F96A241527303BA4003331F9 /* Build configuration list for PBXProject "YukonVaccinationVerifier" */ = {
			isa = XCConfigurationList;
			buildConfigurations = (
				F9E7FF482750FA010026E34E /* DEV */,
				F9E7FF502750FAAB0026E34E /* PROD */,
				F98A769C2750FFFD0001197F /* ADHOC */,
				F9E7FF4C2750FA2D0026E34E /* STG */,
				F9E7FF4A2750FA110026E34E /* TST */,
			);
			defaultConfigurationIsVisible = 0;
			defaultConfigurationName = PROD;
		};
		F96A242E27303BA7003331F9 /* Build configuration list for PBXNativeTarget "YukonVaccinationVerifier" */ = {
			isa = XCConfigurationList;
			buildConfigurations = (
				F9E7FF492750FA010026E34E /* DEV */,
				F9E7FF512750FAAB0026E34E /* PROD */,
				F98A769D2750FFFD0001197F /* ADHOC */,
				F9E7FF4D2750FA2D0026E34E /* STG */,
				F9E7FF4B2750FA110026E34E /* TST */,
			);
			defaultConfigurationIsVisible = 0;
			defaultConfigurationName = PROD;
		};
/* End XCConfigurationList section */
	};
	rootObject = F96A241227303BA4003331F9 /* Project object */;
}
